
Microsoft Visual Studio Solution File, Format Version 12.00
# Visual Studio Version 17
VisualStudioVersion = 17.2.32602.215
MinimumVisualStudioVersion = 10.0.40219.1
Project("{2150E333-8FDC-42A3-9474-1A3956D46DE8}") = "Services", "Services", "{5C650D5F-AD42-4355-8096-6B04DA3E0F03}"
EndProject
Project("{2150E333-8FDC-42A3-9474-1A3956D46DE8}") = "Cadastros", "Cadastros", "{777CD737-864D-423F-9BBC-DEB623E76716}"
EndProject
Project("{2150E333-8FDC-42A3-9474-1A3956D46DE8}") = "Catalogo", "Catalogo", "{D69A68E5-789A-406C-B83D-380D5086D5DB}"
EndProject
Project("{2150E333-8FDC-42A3-9474-1A3956D46DE8}") = "Core", "Core", "{814E3E5D-166C-44B8-95A5-2D384C214270}"
EndProject
Project("{2150E333-8FDC-42A3-9474-1A3956D46DE8}") = "Fiscal", "Fiscal", "{0A76E7EB-F97C-4F18-A77D-689C8A00DC0D}"
EndProject
Project("{2150E333-8FDC-42A3-9474-1A3956D46DE8}") = "Pagamentos", "Pagamentos", "{01A28EB1-29D0-4D1E-B2BA-8D3DCEEC1931}"
EndProject
Project("{2150E333-8FDC-42A3-9474-1A3956D46DE8}") = "Vendas", "Vendas", "{FDAEB250-40AF-4205-8591-36ABAD3D5999}"
EndProject
Project("{9A19103F-16F7-4668-BE54-9A1E7A4F7556}") = "NerdStore.Catalogo.Domain", "src\NerdStore.Catalogo.Domain\NerdStore.Catalogo.Domain.csproj", "{DFA14D62-3FA2-4C26-958F-78CE2AB0B962}"
EndProject
Project("{9A19103F-16F7-4668-BE54-9A1E7A4F7556}") = "NerdStore.Core", "src\NerdStore.Core\NerdStore.Core.csproj", "{BD84EC8F-62BC-4F9E-80E0-03B3A68D5C05}"
EndProject
Project("{2150E333-8FDC-42A3-9474-1A3956D46DE8}") = "Tests", "Tests", "{4B601BA8-2556-49D5-A2BE-D8D14B6B754F}"
EndProject
Project("{9A19103F-16F7-4668-BE54-9A1E7A4F7556}") = "NerdStore.Catalogo.Domain.Tests", "tests\NerdStore.Catalogo.Domain.Tests\NerdStore.Catalogo.Domain.Tests.csproj", "{8D4F26AB-61AB-4EF5-B92B-EC564C00BCD1}"
EndProject
Project("{9A19103F-16F7-4668-BE54-9A1E7A4F7556}") = "NerdStore.Catalogo.Data", "src\NerdStore.Catalogo.Data\NerdStore.Catalogo.Data.csproj", "{A393ECFD-5287-4FE2-AB58-4ED34C7BB6F0}"
EndProject
Project("{9A19103F-16F7-4668-BE54-9A1E7A4F7556}") = "NerdStore.Catalogo.Application", "src\NerdStore.Catalogo.Application\NerdStore.Catalogo.Application.csproj", "{D39581F9-F538-4547-96BC-C9A3593F8669}"
EndProject
Project("{2150E333-8FDC-42A3-9474-1A3956D46DE8}") = "WebApps", "WebApps", "{56652BCE-DD28-4F13-A3DC-FB4A3DFE2739}"
EndProject
Project("{9A19103F-16F7-4668-BE54-9A1E7A4F7556}") = "NerdStore.WebApp.MVC", "src\NerdStore.WebApp.MVC\NerdStore.WebApp.MVC.csproj", "{F3AAE74E-048D-4558-ABEE-152DCBD9B0C0}"
EndProject
Project("{9A19103F-16F7-4668-BE54-9A1E7A4F7556}") = "NerdStore.Vendas.Domain", "src\NerdStore.Vendas.Domain\NerdStore.Vendas.Domain.csproj", "{2BB3D238-A71E-497A-91CA-8C2A835B3A03}"
EndProject
Project("{9A19103F-16F7-4668-BE54-9A1E7A4F7556}") = "NerdStore.Vendas.Application", "src\NerdStore.Vendas.Application\NerdStore.Vendas.Application.csproj", "{FC2812F7-C762-4086-BBB8-CA0FF5DC2F05}"
EndProject
Project("{9A19103F-16F7-4668-BE54-9A1E7A4F7556}") = "NerdStore.Vendas.Data", "src\NerdStore.Vendas.Data\NerdStore.Vendas.Data.csproj", "{BB085CB4-CFA7-4E2D-B658-DAEC74125B27}"
EndProject
Project("{9A19103F-16F7-4668-BE54-9A1E7A4F7556}") = "NerdStore.Pagamentos.AntiCorruption", "src\NerdStore.Pagamentos.AntiCorruption\NerdStore.Pagamentos.AntiCorruption.csproj", "{7625CC5B-844C-4D93-95E0-21EAD278C0E5}"
EndProject
Project("{9A19103F-16F7-4668-BE54-9A1E7A4F7556}") = "NerdStore.Pagamentos.Business", "src\NerdStore.Pagamentos.Business\NerdStore.Pagamentos.Business.csproj", "{30AD854B-8EB6-4011-8CC2-75C71EA658B8}"
EndProject
Project("{9A19103F-16F7-4668-BE54-9A1E7A4F7556}") = "NerdStore.Pagamentos.Data", "src\NerdStore.Pagamentos.Data\NerdStore.Pagamentos.Data.csproj", "{1A70F98D-508D-4DBD-BF0A-15C46669C33F}"
EndProject
Project("{2150E333-8FDC-42A3-9474-1A3956D46DE8}") = "BuildingBlocks", "BuildingBlocks", "{3E2B0EDF-3706-4CE7-8BCA-9A1827DA4E1B}"
EndProject
Project("{FAE04EC0-301F-11D3-BF4B-00C04F79EFBC}") = "EventSourcing", "src\EventSourcing\EventSourcing.csproj", "{57FFB2C7-A0B5-41B5-90B0-FE779444B39E}"
EndProject
Global
	GlobalSection(SolutionConfigurationPlatforms) = preSolution
		Debug|Any CPU = Debug|Any CPU
		Release|Any CPU = Release|Any CPU
	EndGlobalSection
	GlobalSection(ProjectConfigurationPlatforms) = postSolution
		{DFA14D62-3FA2-4C26-958F-78CE2AB0B962}.Debug|Any CPU.ActiveCfg = Debug|Any CPU
		{DFA14D62-3FA2-4C26-958F-78CE2AB0B962}.Debug|Any CPU.Build.0 = Debug|Any CPU
		{DFA14D62-3FA2-4C26-958F-78CE2AB0B962}.Release|Any CPU.ActiveCfg = Release|Any CPU
		{DFA14D62-3FA2-4C26-958F-78CE2AB0B962}.Release|Any CPU.Build.0 = Release|Any CPU
		{BD84EC8F-62BC-4F9E-80E0-03B3A68D5C05}.Debug|Any CPU.ActiveCfg = Debug|Any CPU
		{BD84EC8F-62BC-4F9E-80E0-03B3A68D5C05}.Debug|Any CPU.Build.0 = Debug|Any CPU
		{BD84EC8F-62BC-4F9E-80E0-03B3A68D5C05}.Release|Any CPU.ActiveCfg = Release|Any CPU
		{BD84EC8F-62BC-4F9E-80E0-03B3A68D5C05}.Release|Any CPU.Build.0 = Release|Any CPU
		{8D4F26AB-61AB-4EF5-B92B-EC564C00BCD1}.Debug|Any CPU.ActiveCfg = Debug|Any CPU
		{8D4F26AB-61AB-4EF5-B92B-EC564C00BCD1}.Debug|Any CPU.Build.0 = Debug|Any CPU
		{8D4F26AB-61AB-4EF5-B92B-EC564C00BCD1}.Release|Any CPU.ActiveCfg = Release|Any CPU
		{8D4F26AB-61AB-4EF5-B92B-EC564C00BCD1}.Release|Any CPU.Build.0 = Release|Any CPU
		{A393ECFD-5287-4FE2-AB58-4ED34C7BB6F0}.Debug|Any CPU.ActiveCfg = Debug|Any CPU
		{A393ECFD-5287-4FE2-AB58-4ED34C7BB6F0}.Debug|Any CPU.Build.0 = Debug|Any CPU
		{A393ECFD-5287-4FE2-AB58-4ED34C7BB6F0}.Release|Any CPU.ActiveCfg = Release|Any CPU
		{A393ECFD-5287-4FE2-AB58-4ED34C7BB6F0}.Release|Any CPU.Build.0 = Release|Any CPU
		{D39581F9-F538-4547-96BC-C9A3593F8669}.Debug|Any CPU.ActiveCfg = Debug|Any CPU
		{D39581F9-F538-4547-96BC-C9A3593F8669}.Debug|Any CPU.Build.0 = Debug|Any CPU
		{D39581F9-F538-4547-96BC-C9A3593F8669}.Release|Any CPU.ActiveCfg = Release|Any CPU
		{D39581F9-F538-4547-96BC-C9A3593F8669}.Release|Any CPU.Build.0 = Release|Any CPU
		{F3AAE74E-048D-4558-ABEE-152DCBD9B0C0}.Debug|Any CPU.ActiveCfg = Debug|Any CPU
		{F3AAE74E-048D-4558-ABEE-152DCBD9B0C0}.Debug|Any CPU.Build.0 = Debug|Any CPU
		{F3AAE74E-048D-4558-ABEE-152DCBD9B0C0}.Release|Any CPU.ActiveCfg = Release|Any CPU
		{F3AAE74E-048D-4558-ABEE-152DCBD9B0C0}.Release|Any CPU.Build.0 = Release|Any CPU
		{2BB3D238-A71E-497A-91CA-8C2A835B3A03}.Debug|Any CPU.ActiveCfg = Debug|Any CPU
		{2BB3D238-A71E-497A-91CA-8C2A835B3A03}.Debug|Any CPU.Build.0 = Debug|Any CPU
		{2BB3D238-A71E-497A-91CA-8C2A835B3A03}.Release|Any CPU.ActiveCfg = Release|Any CPU
		{2BB3D238-A71E-497A-91CA-8C2A835B3A03}.Release|Any CPU.Build.0 = Release|Any CPU
		{FC2812F7-C762-4086-BBB8-CA0FF5DC2F05}.Debug|Any CPU.ActiveCfg = Debug|Any CPU
		{FC2812F7-C762-4086-BBB8-CA0FF5DC2F05}.Debug|Any CPU.Build.0 = Debug|Any CPU
		{FC2812F7-C762-4086-BBB8-CA0FF5DC2F05}.Release|Any CPU.ActiveCfg = Release|Any CPU
		{FC2812F7-C762-4086-BBB8-CA0FF5DC2F05}.Release|Any CPU.Build.0 = Release|Any CPU
		{BB085CB4-CFA7-4E2D-B658-DAEC74125B27}.Debug|Any CPU.ActiveCfg = Debug|Any CPU
		{BB085CB4-CFA7-4E2D-B658-DAEC74125B27}.Debug|Any CPU.Build.0 = Debug|Any CPU
		{BB085CB4-CFA7-4E2D-B658-DAEC74125B27}.Release|Any CPU.ActiveCfg = Release|Any CPU
		{BB085CB4-CFA7-4E2D-B658-DAEC74125B27}.Release|Any CPU.Build.0 = Release|Any CPU
		{7625CC5B-844C-4D93-95E0-21EAD278C0E5}.Debug|Any CPU.ActiveCfg = Debug|Any CPU
		{7625CC5B-844C-4D93-95E0-21EAD278C0E5}.Debug|Any CPU.Build.0 = Debug|Any CPU
		{7625CC5B-844C-4D93-95E0-21EAD278C0E5}.Release|Any CPU.ActiveCfg = Release|Any CPU
		{7625CC5B-844C-4D93-95E0-21EAD278C0E5}.Release|Any CPU.Build.0 = Release|Any CPU
		{30AD854B-8EB6-4011-8CC2-75C71EA658B8}.Debug|Any CPU.ActiveCfg = Debug|Any CPU
		{30AD854B-8EB6-4011-8CC2-75C71EA658B8}.Debug|Any CPU.Build.0 = Debug|Any CPU
		{30AD854B-8EB6-4011-8CC2-75C71EA658B8}.Release|Any CPU.ActiveCfg = Release|Any CPU
		{30AD854B-8EB6-4011-8CC2-75C71EA658B8}.Release|Any CPU.Build.0 = Release|Any CPU
		{1A70F98D-508D-4DBD-BF0A-15C46669C33F}.Debug|Any CPU.ActiveCfg = Debug|Any CPU
		{1A70F98D-508D-4DBD-BF0A-15C46669C33F}.Debug|Any CPU.Build.0 = Debug|Any CPU
		{1A70F98D-508D-4DBD-BF0A-15C46669C33F}.Release|Any CPU.ActiveCfg = Release|Any CPU
		{1A70F98D-508D-4DBD-BF0A-15C46669C33F}.Release|Any CPU.Build.0 = Release|Any CPU
		{57FFB2C7-A0B5-41B5-90B0-FE779444B39E}.Debug|Any CPU.ActiveCfg = Debug|Any CPU
		{57FFB2C7-A0B5-41B5-90B0-FE779444B39E}.Debug|Any CPU.Build.0 = Debug|Any CPU
		{57FFB2C7-A0B5-41B5-90B0-FE779444B39E}.Release|Any CPU.ActiveCfg = Release|Any CPU
		{57FFB2C7-A0B5-41B5-90B0-FE779444B39E}.Release|Any CPU.Build.0 = Release|Any CPU
	EndGlobalSection
	GlobalSection(SolutionProperties) = preSolution
		HideSolutionNode = FALSE
	EndGlobalSection
	GlobalSection(NestedProjects) = preSolution
		{777CD737-864D-423F-9BBC-DEB623E76716} = {5C650D5F-AD42-4355-8096-6B04DA3E0F03}
		{D69A68E5-789A-406C-B83D-380D5086D5DB} = {5C650D5F-AD42-4355-8096-6B04DA3E0F03}
		{814E3E5D-166C-44B8-95A5-2D384C214270} = {5C650D5F-AD42-4355-8096-6B04DA3E0F03}
		{0A76E7EB-F97C-4F18-A77D-689C8A00DC0D} = {5C650D5F-AD42-4355-8096-6B04DA3E0F03}
		{01A28EB1-29D0-4D1E-B2BA-8D3DCEEC1931} = {5C650D5F-AD42-4355-8096-6B04DA3E0F03}
		{FDAEB250-40AF-4205-8591-36ABAD3D5999} = {5C650D5F-AD42-4355-8096-6B04DA3E0F03}
		{DFA14D62-3FA2-4C26-958F-78CE2AB0B962} = {D69A68E5-789A-406C-B83D-380D5086D5DB}
		{BD84EC8F-62BC-4F9E-80E0-03B3A68D5C05} = {814E3E5D-166C-44B8-95A5-2D384C214270}
		{4B601BA8-2556-49D5-A2BE-D8D14B6B754F} = {D69A68E5-789A-406C-B83D-380D5086D5DB}
		{8D4F26AB-61AB-4EF5-B92B-EC564C00BCD1} = {4B601BA8-2556-49D5-A2BE-D8D14B6B754F}
		{A393ECFD-5287-4FE2-AB58-4ED34C7BB6F0} = {D69A68E5-789A-406C-B83D-380D5086D5DB}
		{D39581F9-F538-4547-96BC-C9A3593F8669} = {D69A68E5-789A-406C-B83D-380D5086D5DB}
		{F3AAE74E-048D-4558-ABEE-152DCBD9B0C0} = {56652BCE-DD28-4F13-A3DC-FB4A3DFE2739}
		{2BB3D238-A71E-497A-91CA-8C2A835B3A03} = {FDAEB250-40AF-4205-8591-36ABAD3D5999}
		{FC2812F7-C762-4086-BBB8-CA0FF5DC2F05} = {FDAEB250-40AF-4205-8591-36ABAD3D5999}
		{BB085CB4-CFA7-4E2D-B658-DAEC74125B27} = {FDAEB250-40AF-4205-8591-36ABAD3D5999}
		{7625CC5B-844C-4D93-95E0-21EAD278C0E5} = {01A28EB1-29D0-4D1E-B2BA-8D3DCEEC1931}
		{30AD854B-8EB6-4011-8CC2-75C71EA658B8} = {01A28EB1-29D0-4D1E-B2BA-8D3DCEEC1931}
		{1A70F98D-508D-4DBD-BF0A-15C46669C33F} = {01A28EB1-29D0-4D1E-B2BA-8D3DCEEC1931}
		{57FFB2C7-A0B5-41B5-90B0-FE779444B39E} = {3E2B0EDF-3706-4CE7-8BCA-9A1827DA4E1B}
	EndGlobalSection
	GlobalSection(ExtensibilityGlobals) = postSolution
		SolutionGuid = {AE1AC6C3-1337-4C84-A282-C0E99686CBFB}
	EndGlobalSection
EndGlobal
